
Microsoft Visual Studio Solution File, Format Version 12.00
# Visual Studio 15
VisualStudioVersion = 15.0.27428.2043
MinimumVisualStudioVersion = 10.0.40219.1
Project("{A07B5EB6-E848-4116-A8D0-A826331D98C6}") = "AutoscaleManager", "AutoscaleManager\AutoscaleManager.sfproj", "{8F98F17F-534A-413A-BA23-894B3853D3C0}"
EndProject
Project("{FAE04EC0-301F-11D3-BF4B-00C04F79EFBC}") = "NodeManager", "NodeManager\NodeManager.csproj", "{773C0229-65EE-4233-B9AA-0BBA7FF23CD5}"
EndProject
Project("{FAE04EC0-301F-11D3-BF4B-00C04F79EFBC}") = "NodeManager.Interfaces", "NodeManager.Interfaces\NodeManager.Interfaces.csproj", "{6632790C-8FC6-47BB-AE9D-6220E56E3006}"
EndProject
Global
	GlobalSection(SolutionConfigurationPlatforms) = preSolution
		Debug|Any CPU = Debug|Any CPU
		Debug|x64 = Debug|x64
		Release|Any CPU = Release|Any CPU
		Release|x64 = Release|x64
	EndGlobalSection
	GlobalSection(ProjectConfigurationPlatforms) = postSolution
		{8F98F17F-534A-413A-BA23-894B3853D3C0}.Debug|Any CPU.ActiveCfg = Debug|x64
		{8F98F17F-534A-413A-BA23-894B3853D3C0}.Debug|x64.ActiveCfg = Debug|x64
		{8F98F17F-534A-413A-BA23-894B3853D3C0}.Debug|x64.Build.0 = Debug|x64
		{8F98F17F-534A-413A-BA23-894B3853D3C0}.Debug|x64.Deploy.0 = Debug|x64
		{8F98F17F-534A-413A-BA23-894B3853D3C0}.Release|Any CPU.ActiveCfg = Release|x64
		{8F98F17F-534A-413A-BA23-894B3853D3C0}.Release|x64.ActiveCfg = Release|x64
		{8F98F17F-534A-413A-BA23-894B3853D3C0}.Release|x64.Build.0 = Release|x64
		{8F98F17F-534A-413A-BA23-894B3853D3C0}.Release|x64.Deploy.0 = Release|x64
		{773C0229-65EE-4233-B9AA-0BBA7FF23CD5}.Debug|Any CPU.ActiveCfg = Debug|Any CPU
		{773C0229-65EE-4233-B9AA-0BBA7FF23CD5}.Debug|Any CPU.Build.0 = Debug|Any CPU
		{773C0229-65EE-4233-B9AA-0BBA7FF23CD5}.Debug|x64.ActiveCfg = Debug|x64
		{773C0229-65EE-4233-B9AA-0BBA7FF23CD5}.Debug|x64.Build.0 = Debug|x64
		{773C0229-65EE-4233-B9AA-0BBA7FF23CD5}.Release|Any CPU.ActiveCfg = Release|Any CPU
		{773C0229-65EE-4233-B9AA-0BBA7FF23CD5}.Release|Any CPU.Build.0 = Release|Any CPU
		{773C0229-65EE-4233-B9AA-0BBA7FF23CD5}.Release|x64.ActiveCfg = Release|Any CPU
		{773C0229-65EE-4233-B9AA-0BBA7FF23CD5}.Release|x64.Build.0 = Release|Any CPU
		{6632790C-8FC6-47BB-AE9D-6220E56E3006}.Debug|Any CPU.ActiveCfg = Debug|Any CPU
		{6632790C-8FC6-47BB-AE9D-6220E56E3006}.Debug|Any CPU.Build.0 = Debug|Any CPU
		{6632790C-8FC6-47BB-AE9D-6220E56E3006}.Debug|x64.ActiveCfg = Debug|x64
		{6632790C-8FC6-47BB-AE9D-6220E56E3006}.Debug|x64.Build.0 = Debug|x64
		{6632790C-8FC6-47BB-AE9D-6220E56E3006}.Release|Any CPU.ActiveCfg = Release|Any CPU
		{6632790C-8FC6-47BB-AE9D-6220E56E3006}.Release|Any CPU.Build.0 = Release|Any CPU
		{6632790C-8FC6-47BB-AE9D-6220E56E3006}.Release|x64.ActiveCfg = Release|Any CPU
		{6632790C-8FC6-47BB-AE9D-6220E56E3006}.Release|x64.Build.0 = Release|Any CPU
	EndGlobalSection
	GlobalSection(SolutionProperties) = preSolution
		HideSolutionNode = FALSE
	EndGlobalSection
	GlobalSection(ExtensibilityGlobals) = postSolution
		SolutionGuid = {10E2A62D-AB35-4D1B-AFEC-5B5A53B394A9}
	EndGlobalSection
EndGlobal
